packages:
  - name: codegen
    package: dbt-labs/codegen
    version: 0.14.0
  - name: dbt_utils
    package: dbt-labs/dbt_utils
    version: 1.3.3
  - git: https://github.com/brooklyn-data/dbt_artifacts.git
    name: dbt_artifacts
    revision: 4b7e6fef95ccf17476eb111c59ae81f4dada9b86
  - name: snowflake_spend
    package: gitlabhq/snowflake_spend
    version: 1.4.0
sha1_hash: 48e6190c289d05a85bcf295487d7501dfcd2d13c
